
Microsoft Visual Studio Solution File, Format Version 12.00
# Visual Studio Version 17
VisualStudioVersion = 17.9.34723.18
MinimumVisualStudioVersion = 10.0.40219.1
Project("{FAE04EC0-301F-11D3-BF4B-00C04F79EFBC}") = "Dictionary", "Dictionary\Dictionary.csproj", "{CAD06EA1-891F-4A4A-8876-19928C772F46}"
EndProject
Global
	GlobalSection(SolutionConfigurationPlatforms) = preSolution
		Debug|Any CPU = Debug|Any CPU
		Release|Any CPU = Release|Any CPU
	EndGlobalSection
	GlobalSection(ProjectConfigurationPlatforms) = postSolution
		{CAD06EA1-891F-4A4A-8876-19928C772F46}.Debug|Any CPU.ActiveCfg = Debug|Any CPU
		{CAD06EA1-891F-4A4A-8876-19928C772F46}.Debug|Any CPU.Build.0 = Debug|Any CPU
		{CAD06EA1-891F-4A4A-8876-19928C772F46}.Release|Any CPU.ActiveCfg = Release|Any CPU
		{CAD06EA1-891F-4A4A-8876-19928C772F46}.Release|Any CPU.Build.0 = Release|Any CPU
	EndGlobalSection
	GlobalSection(SolutionProperties) = preSolution
		HideSolutionNode = FALSE
	EndGlobalSection
	GlobalSection(ExtensibilityGlobals) = postSolution
		SolutionGuid = {ED53D9D0-107D-44B9-8D5A-B0F41F0FA8EB}
	EndGlobalSection
EndGlobal
